// !$*UTF8*$!
{
	archiveVersion = 1;
	classes = {
	};
	objectVersion = 50;
	objects = {

/* Begin PBXBuildFile section */
		4C5CBD04227644B80054B573 /* Alamofire.framework in Frameworks */ = {isa = PBXBuildFile; fileRef = 4C5CBCF722763E390054B573 /* Alamofire.framework */; };
		4C5CBD06227644B80054B573 /* Kingfisher.framework in Frameworks */ = {isa = PBXBuildFile; fileRef = 4C5CBCF822763E390054B573 /* Kingfisher.framework */; };
		4CAE01102276474100F8F69B /* FlexLayout.framework in Frameworks */ = {isa = PBXBuildFile; fileRef = 4CAE010E2276474100F8F69B /* FlexLayout.framework */; };
		4CAE01112276474100F8F69B /* SnapKit.framework in Frameworks */ = {isa = PBXBuildFile; fileRef = 4CAE010F2276474100F8F69B /* SnapKit.framework */; };
		4CAE01142276474800F8F69B /* RxSwift.framework in Frameworks */ = {isa = PBXBuildFile; fileRef = 4CAE01122276474800F8F69B /* RxSwift.framework */; };
		4CAE01152276474800F8F69B /* RxCocoa.framework in Frameworks */ = {isa = PBXBuildFile; fileRef = 4CAE01132276474800F8F69B /* RxCocoa.framework */; };
		4CAE01182276476000F8F69B /* RxSwift.framework in CopyFiles */ = {isa = PBXBuildFile; fileRef = 4CAE01162276476000F8F69B /* RxSwift.framework */; settings = {ATTRIBUTES = (CodeSignOnCopy, RemoveHeadersOnCopy, ); }; };
		4CAE01192276476000F8F69B /* RxCocoa.framework in CopyFiles */ = {isa = PBXBuildFile; fileRef = 4CAE01172276476000F8F69B /* RxCocoa.framework */; settings = {ATTRIBUTES = (CodeSignOnCopy, RemoveHeadersOnCopy, ); }; };
		4CAE011E2276476800F8F69B /* SnapKit.framework in CopyFiles */ = {isa = PBXBuildFile; fileRef = 4CAE011A2276476800F8F69B /* SnapKit.framework */; settings = {ATTRIBUTES = (CodeSignOnCopy, RemoveHeadersOnCopy, ); }; };
		4CAE011F2276476800F8F69B /* Alamofire.framework in CopyFiles */ = {isa = PBXBuildFile; fileRef = 4CAE011B2276476800F8F69B /* Alamofire.framework */; settings = {ATTRIBUTES = (CodeSignOnCopy, RemoveHeadersOnCopy, ); }; };
		4CAE01202276476800F8F69B /* FlexLayout.framework in CopyFiles */ = {isa = PBXBuildFile; fileRef = 4CAE011C2276476800F8F69B /* FlexLayout.framework */; settings = {ATTRIBUTES = (CodeSignOnCopy, RemoveHeadersOnCopy, ); }; };
		4CAE01212276476800F8F69B /* Kingfisher.framework in CopyFiles */ = {isa = PBXBuildFile; fileRef = 4CAE011D2276476800F8F69B /* Kingfisher.framework */; settings = {ATTRIBUTES = (CodeSignOnCopy, RemoveHeadersOnCopy, ); }; };
		4CB687F522596D16007C1D86 /* AppDelegate.swift in Sources */ = {isa = PBXBuildFile; fileRef = 4CB687F422596D16007C1D86 /* AppDelegate.swift */; };
		4CB687FC22596D17007C1D86 /* Assets.xcassets in Resources */ = {isa = PBXBuildFile; fileRef = 4CB687FB22596D17007C1D86 /* Assets.xcassets */; };
		4CB687FF22596D17007C1D86 /* LaunchScreen.storyboard in Resources */ = {isa = PBXBuildFile; fileRef = 4CB687FD22596D17007C1D86 /* LaunchScreen.storyboard */; };
		4CB6880A22596D17007C1D86 /* MovieViewModelTests.swift in Sources */ = {isa = PBXBuildFile; fileRef = 4CB6880922596D17007C1D86 /* MovieViewModelTests.swift */; };
		4CB6881522596D17007C1D86 /* FavoritesIntegrationTest.swift in Sources */ = {isa = PBXBuildFile; fileRef = 4CB6881422596D17007C1D86 /* FavoritesIntegrationTest.swift */; };
		4CB6882522596E9B007C1D86 /* RootNavigationController.swift in Sources */ = {isa = PBXBuildFile; fileRef = 4CB6882422596E9B007C1D86 /* RootNavigationController.swift */; };
		4CBB30B22277393700439BE4 /* MenuView.swift in Sources */ = {isa = PBXBuildFile; fileRef = 4CBB30B12277393700439BE4 /* MenuView.swift */; };
		4CBB30B422774C7400439BE4 /* PinLayout.framework in Frameworks */ = {isa = PBXBuildFile; fileRef = 4CBB30B322774C7400439BE4 /* PinLayout.framework */; };
		4CBB30B522774C7400439BE4 /* PinLayout.framework in CopyFiles */ = {isa = PBXBuildFile; fileRef = 4CBB30B322774C7400439BE4 /* PinLayout.framework */; settings = {ATTRIBUTES = (CodeSignOnCopy, RemoveHeadersOnCopy, ); }; };
		4CBB30B722774EF800439BE4 /* MenuCell.swift in Sources */ = {isa = PBXBuildFile; fileRef = 4CBB30B622774EF800439BE4 /* MenuCell.swift */; };
		4CBBAE4B225A706700EBBC21 /* MovieSearchView.swift in Sources */ = {isa = PBXBuildFile; fileRef = 4CBBAE4A225A706700EBBC21 /* MovieSearchView.swift */; };
		4CBBAE4D225A707500EBBC21 /* MovieSearchInteractor.swift in Sources */ = {isa = PBXBuildFile; fileRef = 4CBBAE4C225A707500EBBC21 /* MovieSearchInteractor.swift */; };
		4CBBAE4F225A707F00EBBC21 /* MovieSearchPresenter.swift in Sources */ = {isa = PBXBuildFile; fileRef = 4CBBAE4E225A707F00EBBC21 /* MovieSearchPresenter.swift */; };
		4CBBAE51225A708A00EBBC21 /* MovieSearchModel.swift in Sources */ = {isa = PBXBuildFile; fileRef = 4CBBAE50225A708A00EBBC21 /* MovieSearchModel.swift */; };
		4CBBAE53225A709700EBBC21 /* MovieSearchViewModel.swift in Sources */ = {isa = PBXBuildFile; fileRef = 4CBBAE52225A709700EBBC21 /* MovieSearchViewModel.swift */; };
		4CBBAE55225A70BA00EBBC21 /* MovieSearchConfigurator.swift in Sources */ = {isa = PBXBuildFile; fileRef = 4CBBAE54225A70BA00EBBC21 /* MovieSearchConfigurator.swift */; };
		4CBBAE58225A72B200EBBC21 /* MovieSearchResultCell.swift in Sources */ = {isa = PBXBuildFile; fileRef = 4CBBAE57225A72B200EBBC21 /* MovieSearchResultCell.swift */; };
		4CBBAE5A225A757800EBBC21 /* MovieSearchRouter.swift in Sources */ = {isa = PBXBuildFile; fileRef = 4CBBAE59225A757800EBBC21 /* MovieSearchRouter.swift */; };
		4CBBAE5D225A783000EBBC21 /* MovieSearchDTO.swift in Sources */ = {isa = PBXBuildFile; fileRef = 4CBBAE5C225A783000EBBC21 /* MovieSearchDTO.swift */; };
		4CBBAE61225A7C4100EBBC21 /* HTTPWorker.swift in Sources */ = {isa = PBXBuildFile; fileRef = 4CBBAE60225A7C4100EBBC21 /* HTTPWorker.swift */; };
		4CBBAE74225A87BA00EBBC21 /* UserFavoriteMovie.xcdatamodeld in Sources */ = {isa = PBXBuildFile; fileRef = 4CBBAE72225A87BA00EBBC21 /* UserFavoriteMovie.xcdatamodeld */; };
		4CBBAE7C225A88FB00EBBC21 /* FavoriteMovie+CoreDataClass.swift in Sources */ = {isa = PBXBuildFile; fileRef = 4CBBAE7A225A88FB00EBBC21 /* FavoriteMovie+CoreDataClass.swift */; };
		4CBBAE7F225A958000EBBC21 /* MovieContentView.swift in Sources */ = {isa = PBXBuildFile; fileRef = 4CBBAE7E225A958000EBBC21 /* MovieContentView.swift */; };
		4CBBAE81225A965D00EBBC21 /* MovieDescriptionView.swift in Sources */ = {isa = PBXBuildFile; fileRef = 4CBBAE80225A965D00EBBC21 /* MovieDescriptionView.swift */; };
		4CBBAE83225A9B9800EBBC21 /* LoadingIndicator.swift in Sources */ = {isa = PBXBuildFile; fileRef = 4CBBAE82225A9B9800EBBC21 /* LoadingIndicator.swift */; };
		4CBBAE86225A9FD000EBBC21 /* ViewControllerShowsError.swift in Sources */ = {isa = PBXBuildFile; fileRef = 4CBBAE85225A9FD000EBBC21 /* ViewControllerShowsError.swift */; };
		4CBBAE89225AA40B00EBBC21 /* MovieDetailView.swift in Sources */ = {isa = PBXBuildFile; fileRef = 4CBBAE88225AA40B00EBBC21 /* MovieDetailView.swift */; };
		4CBBAE8B225AA41700EBBC21 /* MovieDetailInteractor.swift in Sources */ = {isa = PBXBuildFile; fileRef = 4CBBAE8A225AA41700EBBC21 /* MovieDetailInteractor.swift */; };
		4CBBAE8D225AA42200EBBC21 /* MovieDetailPresenter.swift in Sources */ = {isa = PBXBuildFile; fileRef = 4CBBAE8C225AA42200EBBC21 /* MovieDetailPresenter.swift */; };
		4CBBAE8F225AA42E00EBBC21 /* MovieDetailModel.swift in Sources */ = {isa = PBXBuildFile; fileRef = 4CBBAE8E225AA42E00EBBC21 /* MovieDetailModel.swift */; };
		4CBBAE95225AB5F900EBBC21 /* MovieSearchViewModelGenerator.swift in Sources */ = {isa = PBXBuildFile; fileRef = 4CBBAE94225AB5F900EBBC21 /* MovieSearchViewModelGenerator.swift */; };
		4CBBAE9B225AB95D00EBBC21 /* MovieDetailConfigurator.swift in Sources */ = {isa = PBXBuildFile; fileRef = 4CBBAE9A225AB95D00EBBC21 /* MovieDetailConfigurator.swift */; };
		4CBBAE9D225ABB8500EBBC21 /* MovieDetailTwoButtonView.swift in Sources */ = {isa = PBXBuildFile; fileRef = 4CBBAE9C225ABB8500EBBC21 /* MovieDetailTwoButtonView.swift */; };
		4CBBAE9F225AC2FF00EBBC21 /* MovieDetailButtonView.swift in Sources */ = {isa = PBXBuildFile; fileRef = 4CBBAE9E225AC2FF00EBBC21 /* MovieDetailButtonView.swift */; };
		4CBBAEA1225ACAB500EBBC21 /* FavoriteMovie+CoreDataProperties.swift in Sources */ = {isa = PBXBuildFile; fileRef = 4CBBAEA0225ACAB500EBBC21 /* FavoriteMovie+CoreDataProperties.swift */; };
		4CBBAEA3225ACB3D00EBBC21 /* FavoriteMovieCoreDataHelper.swift in Sources */ = {isa = PBXBuildFile; fileRef = 4CBBAEA2225ACB3D00EBBC21 /* FavoriteMovieCoreDataHelper.swift */; };
		4CBBAEA8225AD6A400EBBC21 /* FavoritesView.swift in Sources */ = {isa = PBXBuildFile; fileRef = 4CBBAEA7225AD6A400EBBC21 /* FavoritesView.swift */; };
		4CBBAEAB225B4E8F00EBBC21 /* FavoriteEmptyView.swift in Sources */ = {isa = PBXBuildFile; fileRef = 4CBBAEAA225B4E8F00EBBC21 /* FavoriteEmptyView.swift */; };
		4CBBAEAE225B521400EBBC21 /* TestHelper.swift in Sources */ = {isa = PBXBuildFile; fileRef = 4CBBAEAD225B521400EBBC21 /* TestHelper.swift */; };
		4CBBAEB0225B546600EBBC21 /* JurassicMock.json in Resources */ = {isa = PBXBuildFile; fileRef = 4CBBAEAF225B546600EBBC21 /* JurassicMock.json */; };
		4CBBAEB2225B5AF000EBBC21 /* AutomationConstants.swift in Sources */ = {isa = PBXBuildFile; fileRef = 4CBBAEB1225B5AF000EBBC21 /* AutomationConstants.swift */; };
/* End PBXBuildFile section */

/* Begin PBXContainerItemProxy section */
		4CB6880622596D17007C1D86 /* PBXContainerItemProxy */ = {
			isa = PBXContainerItemProxy;
			containerPortal = 4CB687E922596D16007C1D86 /* Project object */;
			proxyType = 1;
			remoteGlobalIDString = 4CB687F022596D16007C1D86;
			remoteInfo = TrailsidePlayground;
		};
		4CB6881122596D17007C1D86 /* PBXContainerItemProxy */ = {
			isa = PBXContainerItemProxy;
			containerPortal = 4CB687E922596D16007C1D86 /* Project object */;
			proxyType = 1;
			remoteGlobalIDString = 4CB687F022596D16007C1D86;
			remoteInfo = TrailsidePlayground;
		};
/* End PBXContainerItemProxy section */

/* Begin PBXCopyFilesBuildPhase section */
		4CAE01012276463200F8F69B /* CopyFiles */ = {
			isa = PBXCopyFilesBuildPhase;
			buildActionMask = 2147483647;
			dstPath = "";
			dstSubfolderSpec = 10;
			files = (
				4CAE01182276476000F8F69B /* RxSwift.framework in CopyFiles */,
				4CAE01192276476000F8F69B /* RxCocoa.framework in CopyFiles */,
				4CAE011E2276476800F8F69B /* SnapKit.framework in CopyFiles */,
				4CAE011F2276476800F8F69B /* Alamofire.framework in CopyFiles */,
				4CAE01202276476800F8F69B /* FlexLayout.framework in CopyFiles */,
				4CAE01212276476800F8F69B /* Kingfisher.framework in CopyFiles */,
				4CBB30B522774C7400439BE4 /* PinLayout.framework in CopyFiles */,
			);
			runOnlyForDeploymentPostprocessing = 0;
		};
/* End PBXCopyFilesBuildPhase section */

/* Begin PBXFileReference section */
		4C5CBCF722763E390054B573 /* Alamofire.framework */ = {isa = PBXFileReference; lastKnownFileType = wrapper.framework; name = Alamofire.framework; path = Carthage/Build/iOS/Alamofire.framework; sourceTree = "<group>"; };
		4C5CBCF822763E390054B573 /* Kingfisher.framework */ = {isa = PBXFileReference; lastKnownFileType = wrapper.framework; name = Kingfisher.framework; path = Carthage/Build/iOS/Kingfisher.framework; sourceTree = "<group>"; };
		4CAE01022276469000F8F69B /* Alamofire.framework */ = {isa = PBXFileReference; lastKnownFileType = wrapper.framework; path = Alamofire.framework; sourceTree = "<group>"; };
		4CAE01032276469000F8F69B /* RxSwift.framework */ = {isa = PBXFileReference; lastKnownFileType = wrapper.framework; path = RxSwift.framework; sourceTree = "<group>"; };
		4CAE01042276469000F8F69B /* FlexLayout.framework */ = {isa = PBXFileReference; lastKnownFileType = wrapper.framework; path = FlexLayout.framework; sourceTree = "<group>"; };
		4CAE01052276469000F8F69B /* Kingfisher.framework */ = {isa = PBXFileReference; lastKnownFileType = wrapper.framework; path = Kingfisher.framework; sourceTree = "<group>"; };
		4CAE01062276469000F8F69B /* RxCocoa.framework */ = {isa = PBXFileReference; lastKnownFileType = wrapper.framework; path = RxCocoa.framework; sourceTree = "<group>"; };
		4CAE010E2276474100F8F69B /* FlexLayout.framework */ = {isa = PBXFileReference; lastKnownFileType = wrapper.framework; name = FlexLayout.framework; path = Carthage/Build/iOS/FlexLayout.framework; sourceTree = "<group>"; };
		4CAE010F2276474100F8F69B /* SnapKit.framework */ = {isa = PBXFileReference; lastKnownFileType = wrapper.framework; name = SnapKit.framework; path = Carthage/Build/iOS/SnapKit.framework; sourceTree = "<group>"; };
		4CAE01122276474800F8F69B /* RxSwift.framework */ = {isa = PBXFileReference; lastKnownFileType = wrapper.framework; name = RxSwift.framework; path = Carthage/Build/iOS/Static/RxSwift.framework; sourceTree = "<group>"; };
		4CAE01132276474800F8F69B /* RxCocoa.framework */ = {isa = PBXFileReference; lastKnownFileType = wrapper.framework; name = RxCocoa.framework; path = Carthage/Build/iOS/Static/RxCocoa.framework; sourceTree = "<group>"; };
		4CAE01162276476000F8F69B /* RxSwift.framework */ = {isa = PBXFileReference; lastKnownFileType = wrapper.framework; name = RxSwift.framework; path = Carthage/Build/iOS/Static/RxSwift.framework; sourceTree = "<group>"; };
		4CAE01172276476000F8F69B /* RxCocoa.framework */ = {isa = PBXFileReference; lastKnownFileType = wrapper.framework; name = RxCocoa.framework; path = Carthage/Build/iOS/Static/RxCocoa.framework; sourceTree = "<group>"; };
		4CAE011A2276476800F8F69B /* SnapKit.framework */ = {isa = PBXFileReference; lastKnownFileType = wrapper.framework; name = SnapKit.framework; path = Carthage/Build/iOS/SnapKit.framework; sourceTree = "<group>"; };
		4CAE011B2276476800F8F69B /* Alamofire.framework */ = {isa = PBXFileReference; lastKnownFileType = wrapper.framework; name = Alamofire.framework; path = Carthage/Build/iOS/Alamofire.framework; sourceTree = "<group>"; };
		4CAE011C2276476800F8F69B /* FlexLayout.framework */ = {isa = PBXFileReference; lastKnownFileType = wrapper.framework; name = FlexLayout.framework; path = Carthage/Build/iOS/FlexLayout.framework; sourceTree = "<group>"; };
		4CAE011D2276476800F8F69B /* Kingfisher.framework */ = {isa = PBXFileReference; lastKnownFileType = wrapper.framework; name = Kingfisher.framework; path = Carthage/Build/iOS/Kingfisher.framework; sourceTree = "<group>"; };
		4CB687F122596D16007C1D86 /* TrailsidePlayground.app */ = {isa = PBXFileReference; explicitFileType = wrapper.application; includeInIndex = 0; path = TrailsidePlayground.app; sourceTree = BUILT_PRODUCTS_DIR; };
		4CB687F422596D16007C1D86 /* AppDelegate.swift */ = {isa = PBXFileReference; lastKnownFileType = sourcecode.swift; path = AppDelegate.swift; sourceTree = "<group>"; };
		4CB687FB22596D17007C1D86 /* Assets.xcassets */ = {isa = PBXFileReference; lastKnownFileType = folder.assetcatalog; path = Assets.xcassets; sourceTree = "<group>"; };
		4CB687FE22596D17007C1D86 /* Base */ = {isa = PBXFileReference; lastKnownFileType = file.storyboard; name = Base; path = Base.lproj/LaunchScreen.storyboard; sourceTree = "<group>"; };
		4CB6880022596D17007C1D86 /* Info.plist */ = {isa = PBXFileReference; lastKnownFileType = text.plist.xml; path = Info.plist; sourceTree = "<group>"; };
		4CB6880522596D17007C1D86 /* TrailsidePlaygroundTests.xctest */ = {isa = PBXFileReference; explicitFileType = wrapper.cfbundle; includeInIndex = 0; path = TrailsidePlaygroundTests.xctest; sourceTree = BUILT_PRODUCTS_DIR; };
		4CB6880922596D17007C1D86 /* MovieViewModelTests.swift */ = {isa = PBXFileReference; lastKnownFileType = sourcecode.swift; path = MovieViewModelTests.swift; sourceTree = "<group>"; };
		4CB6880B22596D17007C1D86 /* Info.plist */ = {isa = PBXFileReference; lastKnownFileType = text.plist.xml; path = Info.plist; sourceTree = "<group>"; };
		4CB6881022596D17007C1D86 /* TrailsidePlaygroundUITests.xctest */ = {isa = PBXFileReference; explicitFileType = wrapper.cfbundle; includeInIndex = 0; path = TrailsidePlaygroundUITests.xctest; sourceTree = BUILT_PRODUCTS_DIR; };
		4CB6881422596D17007C1D86 /* FavoritesIntegrationTest.swift */ = {isa = PBXFileReference; lastKnownFileType = sourcecode.swift; path = FavoritesIntegrationTest.swift; sourceTree = "<group>"; };
		4CB6881622596D17007C1D86 /* Info.plist */ = {isa = PBXFileReference; lastKnownFileType = text.plist.xml; path = Info.plist; sourceTree = "<group>"; };
		4CB6882422596E9B007C1D86 /* RootNavigationController.swift */ = {isa = PBXFileReference; lastKnownFileType = sourcecode.swift; path = RootNavigationController.swift; sourceTree = "<group>"; };
		4CBB30B12277393700439BE4 /* MenuView.swift */ = {isa = PBXFileReference; lastKnownFileType = sourcecode.swift; path = MenuView.swift; sourceTree = "<group>"; };
		4CBB30B322774C7400439BE4 /* PinLayout.framework */ = {isa = PBXFileReference; lastKnownFileType = wrapper.framework; name = PinLayout.framework; path = Carthage/Build/iOS/PinLayout.framework; sourceTree = "<group>"; };
		4CBB30B622774EF800439BE4 /* MenuCell.swift */ = {isa = PBXFileReference; lastKnownFileType = sourcecode.swift; path = MenuCell.swift; sourceTree = "<group>"; };
		4CBBAE4A225A706700EBBC21 /* MovieSearchView.swift */ = {isa = PBXFileReference; lastKnownFileType = sourcecode.swift; path = MovieSearchView.swift; sourceTree = "<group>"; };
		4CBBAE4C225A707500EBBC21 /* MovieSearchInteractor.swift */ = {isa = PBXFileReference; lastKnownFileType = sourcecode.swift; path = MovieSearchInteractor.swift; sourceTree = "<group>"; };
		4CBBAE4E225A707F00EBBC21 /* MovieSearchPresenter.swift */ = {isa = PBXFileReference; lastKnownFileType = sourcecode.swift; path = MovieSearchPresenter.swift; sourceTree = "<group>"; };
		4CBBAE50225A708A00EBBC21 /* MovieSearchModel.swift */ = {isa = PBXFileReference; lastKnownFileType = sourcecode.swift; path = MovieSearchModel.swift; sourceTree = "<group>"; };
		4CBBAE52225A709700EBBC21 /* MovieSearchViewModel.swift */ = {isa = PBXFileReference; lastKnownFileType = sourcecode.swift; path = MovieSearchViewModel.swift; sourceTree = "<group>"; };
		4CBBAE54225A70BA00EBBC21 /* MovieSearchConfigurator.swift */ = {isa = PBXFileReference; lastKnownFileType = sourcecode.swift; path = MovieSearchConfigurator.swift; sourceTree = "<group>"; };
		4CBBAE57225A72B200EBBC21 /* MovieSearchResultCell.swift */ = {isa = PBXFileReference; lastKnownFileType = sourcecode.swift; path = MovieSearchResultCell.swift; sourceTree = "<group>"; };
		4CBBAE59225A757800EBBC21 /* MovieSearchRouter.swift */ = {isa = PBXFileReference; lastKnownFileType = sourcecode.swift; path = MovieSearchRouter.swift; sourceTree = "<group>"; };
		4CBBAE5C225A783000EBBC21 /* MovieSearchDTO.swift */ = {isa = PBXFileReference; lastKnownFileType = sourcecode.swift; path = MovieSearchDTO.swift; sourceTree = "<group>"; };
		4CBBAE60225A7C4100EBBC21 /* HTTPWorker.swift */ = {isa = PBXFileReference; lastKnownFileType = sourcecode.swift; path = HTTPWorker.swift; sourceTree = "<group>"; };
		4CBBAE73225A87BA00EBBC21 /* UserFavoriteMovie.xcdatamodel */ = {isa = PBXFileReference; lastKnownFileType = wrapper.xcdatamodel; path = UserFavoriteMovie.xcdatamodel; sourceTree = "<group>"; };
		4CBBAE7A225A88FB00EBBC21 /* FavoriteMovie+CoreDataClass.swift */ = {isa = PBXFileReference; lastKnownFileType = sourcecode.swift; path = "FavoriteMovie+CoreDataClass.swift"; sourceTree = "<group>"; };
		4CBBAE7E225A958000EBBC21 /* MovieContentView.swift */ = {isa = PBXFileReference; lastKnownFileType = sourcecode.swift; path = MovieContentView.swift; sourceTree = "<group>"; };
		4CBBAE80225A965D00EBBC21 /* MovieDescriptionView.swift */ = {isa = PBXFileReference; lastKnownFileType = sourcecode.swift; path = MovieDescriptionView.swift; sourceTree = "<group>"; };
		4CBBAE82225A9B9800EBBC21 /* LoadingIndicator.swift */ = {isa = PBXFileReference; lastKnownFileType = sourcecode.swift; path = LoadingIndicator.swift; sourceTree = "<group>"; };
		4CBBAE85225A9FD000EBBC21 /* ViewControllerShowsError.swift */ = {isa = PBXFileReference; lastKnownFileType = sourcecode.swift; path = ViewControllerShowsError.swift; sourceTree = "<group>"; };
		4CBBAE88225AA40B00EBBC21 /* MovieDetailView.swift */ = {isa = PBXFileReference; lastKnownFileType = sourcecode.swift; path = MovieDetailView.swift; sourceTree = "<group>"; };
		4CBBAE8A225AA41700EBBC21 /* MovieDetailInteractor.swift */ = {isa = PBXFileReference; lastKnownFileType = sourcecode.swift; path = MovieDetailInteractor.swift; sourceTree = "<group>"; };
		4CBBAE8C225AA42200EBBC21 /* MovieDetailPresenter.swift */ = {isa = PBXFileReference; lastKnownFileType = sourcecode.swift; path = MovieDetailPresenter.swift; sourceTree = "<group>"; };
		4CBBAE8E225AA42E00EBBC21 /* MovieDetailModel.swift */ = {isa = PBXFileReference; lastKnownFileType = sourcecode.swift; path = MovieDetailModel.swift; sourceTree = "<group>"; };
		4CBBAE94225AB5F900EBBC21 /* MovieSearchViewModelGenerator.swift */ = {isa = PBXFileReference; lastKnownFileType = sourcecode.swift; path = MovieSearchViewModelGenerator.swift; sourceTree = "<group>"; };
		4CBBAE9A225AB95D00EBBC21 /* MovieDetailConfigurator.swift */ = {isa = PBXFileReference; lastKnownFileType = sourcecode.swift; path = MovieDetailConfigurator.swift; sourceTree = "<group>"; };
		4CBBAE9C225ABB8500EBBC21 /* MovieDetailTwoButtonView.swift */ = {isa = PBXFileReference; lastKnownFileType = sourcecode.swift; path = MovieDetailTwoButtonView.swift; sourceTree = "<group>"; };
		4CBBAE9E225AC2FF00EBBC21 /* MovieDetailButtonView.swift */ = {isa = PBXFileReference; lastKnownFileType = sourcecode.swift; path = MovieDetailButtonView.swift; sourceTree = "<group>"; };
		4CBBAEA0225ACAB500EBBC21 /* FavoriteMovie+CoreDataProperties.swift */ = {isa = PBXFileReference; lastKnownFileType = sourcecode.swift; path = "FavoriteMovie+CoreDataProperties.swift"; sourceTree = "<group>"; };
		4CBBAEA2225ACB3D00EBBC21 /* FavoriteMovieCoreDataHelper.swift */ = {isa = PBXFileReference; lastKnownFileType = sourcecode.swift; path = FavoriteMovieCoreDataHelper.swift; sourceTree = "<group>"; };
		4CBBAEA7225AD6A400EBBC21 /* FavoritesView.swift */ = {isa = PBXFileReference; lastKnownFileType = sourcecode.swift; path = FavoritesView.swift; sourceTree = "<group>"; };
		4CBBAEAA225B4E8F00EBBC21 /* FavoriteEmptyView.swift */ = {isa = PBXFileReference; lastKnownFileType = sourcecode.swift; path = FavoriteEmptyView.swift; sourceTree = "<group>"; };
		4CBBAEAD225B521400EBBC21 /* TestHelper.swift */ = {isa = PBXFileReference; lastKnownFileType = sourcecode.swift; path = TestHelper.swift; sourceTree = "<group>"; };
		4CBBAEAF225B546600EBBC21 /* JurassicMock.json */ = {isa = PBXFileReference; lastKnownFileType = text.json; path = JurassicMock.json; sourceTree = "<group>"; };
		4CBBAEB1225B5AF000EBBC21 /* AutomationConstants.swift */ = {isa = PBXFileReference; lastKnownFileType = sourcecode.swift; path = AutomationConstants.swift; sourceTree = "<group>"; };
/* End PBXFileReference section */

/* Begin PBXFrameworksBuildPhase section */
		4CB687EE22596D16007C1D86 /* Frameworks */ = {
			isa = PBXFrameworksBuildPhase;
			buildActionMask = 2147483647;
			files = (
				4CAE01102276474100F8F69B /* FlexLayout.framework in Frameworks */,
				4CAE01142276474800F8F69B /* RxSwift.framework in Frameworks */,
				4CAE01152276474800F8F69B /* RxCocoa.framework in Frameworks */,
				4CAE01112276474100F8F69B /* SnapKit.framework in Frameworks */,
				4C5CBD04227644B80054B573 /* Alamofire.framework in Frameworks */,
				4C5CBD06227644B80054B573 /* Kingfisher.framework in Frameworks */,
				4CBB30B422774C7400439BE4 /* PinLayout.framework in Frameworks */,
			);
			runOnlyForDeploymentPostprocessing = 0;
		};
		4CB6880222596D17007C1D86 /* Frameworks */ = {
			isa = PBXFrameworksBuildPhase;
			buildActionMask = 2147483647;
			files = (
			);
			runOnlyForDeploymentPostprocessing = 0;
		};
		4CB6880D22596D17007C1D86 /* Frameworks */ = {
			isa = PBXFrameworksBuildPhase;
			buildActionMask = 2147483647;
			files = (
			);
			runOnlyForDeploymentPostprocessing = 0;
		};
/* End PBXFrameworksBuildPhase section */

/* Begin PBXGroup section */
		4CB687E822596D16007C1D86 = {
			isa = PBXGroup;
			children = (
				4CBB30B322774C7400439BE4 /* PinLayout.framework */,
				4CAE011B2276476800F8F69B /* Alamofire.framework */,
				4CAE011C2276476800F8F69B /* FlexLayout.framework */,
				4CAE011D2276476800F8F69B /* Kingfisher.framework */,
				4CAE011A2276476800F8F69B /* SnapKit.framework */,
				4CAE01172276476000F8F69B /* RxCocoa.framework */,
				4CAE01162276476000F8F69B /* RxSwift.framework */,
				4CB687F322596D16007C1D86 /* TrailsidePlayground */,
				4CB6880822596D17007C1D86 /* TrailsidePlaygroundTests */,
				4CB6881322596D17007C1D86 /* TrailsidePlaygroundUITests */,
				4CB687F222596D16007C1D86 /* Products */,
				D476CBA6DF55162A1CA75F44 /* Frameworks */,
			);
			sourceTree = "<group>";
		};
		4CB687F222596D16007C1D86 /* Products */ = {
			isa = PBXGroup;
			children = (
				4CB687F122596D16007C1D86 /* TrailsidePlayground.app */,
				4CB6880522596D17007C1D86 /* TrailsidePlaygroundTests.xctest */,
				4CB6881022596D17007C1D86 /* TrailsidePlaygroundUITests.xctest */,
			);
			name = Products;
			sourceTree = "<group>";
		};
		4CB687F322596D16007C1D86 /* TrailsidePlayground */ = {
			isa = PBXGroup;
			children = (
				4CBB30B02277392500439BE4 /* MenuView */,
				4CBBAEA6225AD68C00EBBC21 /* FavoritesController */,
				4CBBAE87225AA3E500EBBC21 /* MovieDetailController */,
				4CBBAE84225A9B9F00EBBC21 /* Shared */,
				4CBBAE75225A87EC00EBBC21 /* FavoriteMovieCoreData */,
				4CBBAE5F225A7C2A00EBBC21 /* HTTPWorker */,
				4CBBAE49225A703600EBBC21 /* MovieSearchController */,
				4CB6882622596FAF007C1D86 /* Resources */,
				4CB6882222596E84007C1D86 /* Test */,
				4CB687F422596D16007C1D86 /* AppDelegate.swift */,
				4CB6882422596E9B007C1D86 /* RootNavigationController.swift */,
			);
			path = TrailsidePlayground;
			sourceTree = "<group>";
		};
		4CB6880822596D17007C1D86 /* TrailsidePlaygroundTests */ = {
			isa = PBXGroup;
			children = (
				4CBBAEAC225B517600EBBC21 /* MockData */,
				4CB6880922596D17007C1D86 /* MovieViewModelTests.swift */,
				4CB6880B22596D17007C1D86 /* Info.plist */,
				4CBBAEAD225B521400EBBC21 /* TestHelper.swift */,
			);
			path = TrailsidePlaygroundTests;
			sourceTree = "<group>";
		};
		4CB6881322596D17007C1D86 /* TrailsidePlaygroundUITests */ = {
			isa = PBXGroup;
			children = (
				4CB6881422596D17007C1D86 /* FavoritesIntegrationTest.swift */,
				4CB6881622596D17007C1D86 /* Info.plist */,
			);
			path = TrailsidePlaygroundUITests;
			sourceTree = "<group>";
		};
		4CB6882222596E84007C1D86 /* Test */ = {
			isa = PBXGroup;
			children = (
			);
			path = Test;
			sourceTree = "<group>";
		};
		4CB6882622596FAF007C1D86 /* Resources */ = {
			isa = PBXGroup;
			children = (
				4CB6880022596D17007C1D86 /* Info.plist */,
				4CB687FB22596D17007C1D86 /* Assets.xcassets */,
				4CB687FD22596D17007C1D86 /* LaunchScreen.storyboard */,
				4CBBAE72225A87BA00EBBC21 /* UserFavoriteMovie.xcdatamodeld */,
			);
			path = Resources;
			sourceTree = "<group>";
		};
		4CBB30B02277392500439BE4 /* MenuView */ = {
			isa = PBXGroup;
			children = (
				4CBB30B12277393700439BE4 /* MenuView.swift */,
				4CBB30B622774EF800439BE4 /* MenuCell.swift */,
			);
			path = MenuView;
			sourceTree = "<group>";
		};
		4CBBAE49225A703600EBBC21 /* MovieSearchController */ = {
			isa = PBXGroup;
			children = (
				4CBBAE56225A726800EBBC21 /* Subviews */,
				4CBBAE4A225A706700EBBC21 /* MovieSearchView.swift */,
				4CBBAE4C225A707500EBBC21 /* MovieSearchInteractor.swift */,
				4CBBAE4E225A707F00EBBC21 /* MovieSearchPresenter.swift */,
				4CBBAE50225A708A00EBBC21 /* MovieSearchModel.swift */,
				4CBBAE54225A70BA00EBBC21 /* MovieSearchConfigurator.swift */,
				4CBBAE59225A757800EBBC21 /* MovieSearchRouter.swift */,
			);
			path = MovieSearchController;
			sourceTree = "<group>";
		};
		4CBBAE56225A726800EBBC21 /* Subviews */ = {
			isa = PBXGroup;
			children = (
				4CBBAE57225A72B200EBBC21 /* MovieSearchResultCell.swift */,
			);
			path = Subviews;
			sourceTree = "<group>";
		};
		4CBBAE5F225A7C2A00EBBC21 /* HTTPWorker */ = {
			isa = PBXGroup;
			children = (
				4CBBAE60225A7C4100EBBC21 /* HTTPWorker.swift */,
			);
			path = HTTPWorker;
			sourceTree = "<group>";
		};
		4CBBAE75225A87EC00EBBC21 /* FavoriteMovieCoreData */ = {
			isa = PBXGroup;
			children = (
				4CBBAEA0225ACAB500EBBC21 /* FavoriteMovie+CoreDataProperties.swift */,
				4CBBAE7A225A88FB00EBBC21 /* FavoriteMovie+CoreDataClass.swift */,
				4CBBAEA2225ACB3D00EBBC21 /* FavoriteMovieCoreDataHelper.swift */,
			);
			path = FavoriteMovieCoreData;
			sourceTree = "<group>";
		};
		4CBBAE84225A9B9F00EBBC21 /* Shared */ = {
			isa = PBXGroup;
			children = (
				4CBBAE99225AB7B100EBBC21 /* Models */,
				4CBBAE98225AB79800EBBC21 /* Subviews */,
				4CBBAE85225A9FD000EBBC21 /* ViewControllerShowsError.swift */,
				4CBBAEB1225B5AF000EBBC21 /* AutomationConstants.swift */,
			);
			path = Shared;
			sourceTree = "<group>";
		};
		4CBBAE87225AA3E500EBBC21 /* MovieDetailController */ = {
			isa = PBXGroup;
			children = (
				4CBBAE90225AA61C00EBBC21 /* Subviews */,
				4CBBAE88225AA40B00EBBC21 /* MovieDetailView.swift */,
				4CBBAE8A225AA41700EBBC21 /* MovieDetailInteractor.swift */,
				4CBBAE8C225AA42200EBBC21 /* MovieDetailPresenter.swift */,
				4CBBAE8E225AA42E00EBBC21 /* MovieDetailModel.swift */,
				4CBBAE9A225AB95D00EBBC21 /* MovieDetailConfigurator.swift */,
			);
			path = MovieDetailController;
			sourceTree = "<group>";
		};
		4CBBAE90225AA61C00EBBC21 /* Subviews */ = {
			isa = PBXGroup;
			children = (
				4CBBAE9C225ABB8500EBBC21 /* MovieDetailTwoButtonView.swift */,
				4CBBAE9E225AC2FF00EBBC21 /* MovieDetailButtonView.swift */,
			);
			path = Subviews;
			sourceTree = "<group>";
		};
		4CBBAE98225AB79800EBBC21 /* Subviews */ = {
			isa = PBXGroup;
			children = (
				4CBBAE7E225A958000EBBC21 /* MovieContentView.swift */,
				4CBBAE80225A965D00EBBC21 /* MovieDescriptionView.swift */,
				4CBBAE82225A9B9800EBBC21 /* LoadingIndicator.swift */,
			);
			path = Subviews;
			sourceTree = "<group>";
		};
		4CBBAE99225AB7B100EBBC21 /* Models */ = {
			isa = PBXGroup;
			children = (
				4CBBAE52225A709700EBBC21 /* MovieSearchViewModel.swift */,
				4CBBAE5C225A783000EBBC21 /* MovieSearchDTO.swift */,
				4CBBAE94225AB5F900EBBC21 /* MovieSearchViewModelGenerator.swift */,
			);
			path = Models;
			sourceTree = "<group>";
		};
		4CBBAEA6225AD68C00EBBC21 /* FavoritesController */ = {
			isa = PBXGroup;
			children = (
				4CBBAEA9225B4E7200EBBC21 /* Subviews */,
				4CBBAEA7225AD6A400EBBC21 /* FavoritesView.swift */,
			);
			path = FavoritesController;
			sourceTree = "<group>";
		};
		4CBBAEA9225B4E7200EBBC21 /* Subviews */ = {
			isa = PBXGroup;
			children = (
				4CBBAEAA225B4E8F00EBBC21 /* FavoriteEmptyView.swift */,
			);
			path = Subviews;
			sourceTree = "<group>";
		};
		4CBBAEAC225B517600EBBC21 /* MockData */ = {
			isa = PBXGroup;
			children = (
				4CBBAEAF225B546600EBBC21 /* JurassicMock.json */,
			);
			path = MockData;
			sourceTree = "<group>";
		};
		D476CBA6DF55162A1CA75F44 /* Frameworks */ = {
			isa = PBXGroup;
			children = (
				4CAE01132276474800F8F69B /* RxCocoa.framework */,
				4CAE01122276474800F8F69B /* RxSwift.framework */,
				4CAE010E2276474100F8F69B /* FlexLayout.framework */,
				4CAE010F2276474100F8F69B /* SnapKit.framework */,
				4C5CBCF722763E390054B573 /* Alamofire.framework */,
				4CAE01022276469000F8F69B /* Alamofire.framework */,
				4CAE01042276469000F8F69B /* FlexLayout.framework */,
				4C5CBCF822763E390054B573 /* Kingfisher.framework */,
				4CAE01052276469000F8F69B /* Kingfisher.framework */,
				4CAE01062276469000F8F69B /* RxCocoa.framework */,
				4CAE01032276469000F8F69B /* RxSwift.framework */,
			);
			name = Frameworks;
			sourceTree = "<group>";
		};
/* End PBXGroup section */

/* Begin PBXNativeTarget section */
		4CB687F022596D16007C1D86 /* TrailsidePlayground */ = {
			isa = PBXNativeTarget;
			buildConfigurationList = 4CB6881922596D17007C1D86 /* Build configuration list for PBXNativeTarget "TrailsidePlayground" */;
			buildPhases = (
				4CB687ED22596D16007C1D86 /* Sources */,
				4CB687EE22596D16007C1D86 /* Frameworks */,
				4C5CBD0222763E4B0054B573 /* Carthage */,
				4CAE01012276463200F8F69B /* CopyFiles */,
				4CB687EF22596D16007C1D86 /* Resources */,
			);
			buildRules = (
			);
			dependencies = (
			);
			name = TrailsidePlayground;
			productName = TrailsidePlayground;
			productReference = 4CB687F122596D16007C1D86 /* TrailsidePlayground.app */;
			productType = "com.apple.product-type.application";
		};
		4CB6880422596D17007C1D86 /* TrailsidePlaygroundTests */ = {
			isa = PBXNativeTarget;
			buildConfigurationList = 4CB6881C22596D17007C1D86 /* Build configuration list for PBXNativeTarget "TrailsidePlaygroundTests" */;
			buildPhases = (
				4CB6880122596D17007C1D86 /* Sources */,
				4CB6880222596D17007C1D86 /* Frameworks */,
				4CB6880322596D17007C1D86 /* Resources */,
			);
			buildRules = (
			);
			dependencies = (
				4CB6880722596D17007C1D86 /* PBXTargetDependency */,
			);
			name = TrailsidePlaygroundTests;
			productName = TrailsidePlaygroundTests;
			productReference = 4CB6880522596D17007C1D86 /* TrailsidePlaygroundTests.xctest */;
			productType = "com.apple.product-type.bundle.unit-test";
		};
		4CB6880F22596D17007C1D86 /* TrailsidePlaygroundUITests */ = {
			isa = PBXNativeTarget;
			buildConfigurationList = 4CB6881F22596D17007C1D86 /* Build configuration list for PBXNativeTarget "TrailsidePlaygroundUITests" */;
			buildPhases = (
				4CB6880C22596D17007C1D86 /* Sources */,
				4CB6880D22596D17007C1D86 /* Frameworks */,
				4CB6880E22596D17007C1D86 /* Resources */,
			);
			buildRules = (
			);
			dependencies = (
				4CB6881222596D17007C1D86 /* PBXTargetDependency */,
			);
			name = TrailsidePlaygroundUITests;
			productName = TrailsidePlaygroundUITests;
			productReference = 4CB6881022596D17007C1D86 /* TrailsidePlaygroundUITests.xctest */;
			productType = "com.apple.product-type.bundle.ui-testing";
		};
/* End PBXNativeTarget section */

/* Begin PBXProject section */
		4CB687E922596D16007C1D86 /* Project object */ = {
			isa = PBXProject;
			attributes = {
				LastSwiftUpdateCheck = 1020;
				LastUpgradeCheck = 1020;
				ORGANIZATIONNAME = "Yuchen Nie";
				TargetAttributes = {
					4CB687F022596D16007C1D86 = {
						CreatedOnToolsVersion = 10.2;
					};
					4CB6880422596D17007C1D86 = {
						CreatedOnToolsVersion = 10.2;
						TestTargetID = 4CB687F022596D16007C1D86;
					};
					4CB6880F22596D17007C1D86 = {
						CreatedOnToolsVersion = 10.2;
						TestTargetID = 4CB687F022596D16007C1D86;
					};
				};
			};
			buildConfigurationList = 4CB687EC22596D16007C1D86 /* Build configuration list for PBXProject "TrailsidePlayground" */;
			compatibilityVersion = "Xcode 9.3";
			developmentRegion = en;
			hasScannedForEncodings = 0;
			knownRegions = (
				en,
				Base,
			);
			mainGroup = 4CB687E822596D16007C1D86;
			productRefGroup = 4CB687F222596D16007C1D86 /* Products */;
			projectDirPath = "";
			projectRoot = "";
			targets = (
				4CB687F022596D16007C1D86 /* TrailsidePlayground */,
				4CB6880422596D17007C1D86 /* TrailsidePlaygroundTests */,
				4CB6880F22596D17007C1D86 /* TrailsidePlaygroundUITests */,
			);
		};
/* End PBXProject section */

/* Begin PBXResourcesBuildPhase section */
		4CB687EF22596D16007C1D86 /* Resources */ = {
			isa = PBXResourcesBuildPhase;
			buildActionMask = 2147483647;
			files = (
				4CB687FF22596D17007C1D86 /* LaunchScreen.storyboard in Resources */,
				4CB687FC22596D17007C1D86 /* Assets.xcassets in Resources */,
			);
			runOnlyForDeploymentPostprocessing = 0;
		};
		4CB6880322596D17007C1D86 /* Resources */ = {
			isa = PBXResourcesBuildPhase;
			buildActionMask = 2147483647;
			files = (
				4CBBAEB0225B546600EBBC21 /* JurassicMock.json in Resources */,
			);
			runOnlyForDeploymentPostprocessing = 0;
		};
		4CB6880E22596D17007C1D86 /* Resources */ = {
			isa = PBXResourcesBuildPhase;
			buildActionMask = 2147483647;
			files = (
			);
			runOnlyForDeploymentPostprocessing = 0;
		};
/* End PBXResourcesBuildPhase section */

/* Begin PBXShellScriptBuildPhase section */
		4C5CBD0222763E4B0054B573 /* Carthage */ = {
			isa = PBXShellScriptBuildPhase;
			buildActionMask = 8;
			files = (
			);
			inputFileListPaths = (
			);
			inputPaths = (
				"$(SRCROOT)/Carthage/Build/iOS/FlexLayout.framework",
				"$(SRCROOT)/Carthage/Build/iOS/Kingfisher.framework",
				"$(SRCROOT)/Carthage/Build/iOS/SnapKit.framework",
				"$(SRCROOT)/Carthage/Build/iOS/Static/RxSwift.framework",
				"$(SRCROOT)/Carthage/Build/iOS/Static/RxCocoa.framework",
				"$(SRCROOT)/Carthage/Build/iOS/Alamofire.framework",
				"$(SRCROOT)/Carthage/Build/iOS/PinLayout.framework",
			);
			name = Carthage;
			outputFileListPaths = (
			);
			outputPaths = (
			);
			runOnlyForDeploymentPostprocessing = 1;
			shellPath = "/usr/local/bin/carthage copy-frameworks";
			shellScript = "# Type a script or drag a script file from your workspace to insert its path.\n";
		};
/* End PBXShellScriptBuildPhase section */

/* Begin PBXSourcesBuildPhase section */
		4CB687ED22596D16007C1D86 /* Sources */ = {
			isa = PBXSourcesBuildPhase;
			buildActionMask = 2147483647;
			files = (
				4CBBAE83225A9B9800EBBC21 /* LoadingIndicator.swift in Sources */,
				4CBBAE4F225A707F00EBBC21 /* MovieSearchPresenter.swift in Sources */,
				4CBBAE7F225A958000EBBC21 /* MovieContentView.swift in Sources */,
				4CBBAE8F225AA42E00EBBC21 /* MovieDetailModel.swift in Sources */,
				4CBBAE4D225A707500EBBC21 /* MovieSearchInteractor.swift in Sources */,
				4CBB30B722774EF800439BE4 /* MenuCell.swift in Sources */,
				4CBBAE4B225A706700EBBC21 /* MovieSearchView.swift in Sources */,
				4CBBAE5A225A757800EBBC21 /* MovieSearchRouter.swift in Sources */,
				4CBBAEA1225ACAB500EBBC21 /* FavoriteMovie+CoreDataProperties.swift in Sources */,
				4CB687F522596D16007C1D86 /* AppDelegate.swift in Sources */,
				4CBBAE61225A7C4100EBBC21 /* HTTPWorker.swift in Sources */,
				4CBBAEAB225B4E8F00EBBC21 /* FavoriteEmptyView.swift in Sources */,
				4CBBAE81225A965D00EBBC21 /* MovieDescriptionView.swift in Sources */,
				4CBBAE7C225A88FB00EBBC21 /* FavoriteMovie+CoreDataClass.swift in Sources */,
				4CBBAE89225AA40B00EBBC21 /* MovieDetailView.swift in Sources */,
				4CBBAE8B225AA41700EBBC21 /* MovieDetailInteractor.swift in Sources */,
				4CBBAE51225A708A00EBBC21 /* MovieSearchModel.swift in Sources */,
				4CBBAEA8225AD6A400EBBC21 /* FavoritesView.swift in Sources */,
				4CBBAE5D225A783000EBBC21 /* MovieSearchDTO.swift in Sources */,
				4CB6882522596E9B007C1D86 /* RootNavigationController.swift in Sources */,
				4CBBAE74225A87BA00EBBC21 /* UserFavoriteMovie.xcdatamodeld in Sources */,
				4CBBAE55225A70BA00EBBC21 /* MovieSearchConfigurator.swift in Sources */,
				4CBBAE9B225AB95D00EBBC21 /* MovieDetailConfigurator.swift in Sources */,
				4CBBAE9D225ABB8500EBBC21 /* MovieDetailTwoButtonView.swift in Sources */,
				4CBBAE53225A709700EBBC21 /* MovieSearchViewModel.swift in Sources */,
				4CBBAE8D225AA42200EBBC21 /* MovieDetailPresenter.swift in Sources */,
				4CBB30B22277393700439BE4 /* MenuView.swift in Sources */,
				4CBBAE86225A9FD000EBBC21 /* ViewControllerShowsError.swift in Sources */,
				4CBBAE58225A72B200EBBC21 /* MovieSearchResultCell.swift in Sources */,
				4CBBAEA3225ACB3D00EBBC21 /* FavoriteMovieCoreDataHelper.swift in Sources */,
				4CBBAEB2225B5AF000EBBC21 /* AutomationConstants.swift in Sources */,
				4CBBAE9F225AC2FF00EBBC21 /* MovieDetailButtonView.swift in Sources */,
				4CBBAE95225AB5F900EBBC21 /* MovieSearchViewModelGenerator.swift in Sources */,
			);
			runOnlyForDeploymentPostprocessing = 0;
		};
		4CB6880122596D17007C1D86 /* Sources */ = {
			isa = PBXSourcesBuildPhase;
			buildActionMask = 2147483647;
			files = (
				4CB6880A22596D17007C1D86 /* MovieViewModelTests.swift in Sources */,
				4CBBAEAE225B521400EBBC21 /* TestHelper.swift in Sources */,
			);
			runOnlyForDeploymentPostprocessing = 0;
		};
		4CB6880C22596D17007C1D86 /* Sources */ = {
			isa = PBXSourcesBuildPhase;
			buildActionMask = 2147483647;
			files = (
				4CB6881522596D17007C1D86 /* FavoritesIntegrationTest.swift in Sources */,
			);
			runOnlyForDeploymentPostprocessing = 0;
		};
/* End PBXSourcesBuildPhase section */

/* Begin PBXTargetDependency section */
		4CB6880722596D17007C1D86 /* PBXTargetDependency */ = {
			isa = PBXTargetDependency;
			target = 4CB687F022596D16007C1D86 /* TrailsidePlayground */;
			targetProxy = 4CB6880622596D17007C1D86 /* PBXContainerItemProxy */;
		};
		4CB6881222596D17007C1D86 /* PBXTargetDependency */ = {
			isa = PBXTargetDependency;
			target = 4CB687F022596D16007C1D86 /* TrailsidePlayground */;
			targetProxy = 4CB6881122596D17007C1D86 /* PBXContainerItemProxy */;
		};
/* End PBXTargetDependency section */

/* Begin PBXVariantGroup section */
		4CB687FD22596D17007C1D86 /* LaunchScreen.storyboard */ = {
			isa = PBXVariantGroup;
			children = (
				4CB687FE22596D17007C1D86 /* Base */,
			);
			name = LaunchScreen.storyboard;
			sourceTree = "<group>";
		};
/* End PBXVariantGroup section */

/* Begin XCBuildConfiguration section */
		4CB6881722596D17007C1D86 /* Debug */ = {
			isa = XCBuildConfiguration;
			buildSettings = {
				ALWAYS_SEARCH_USER_PATHS = NO;
				CLANG_ANALYZER_NONNULL = YES;
				CLANG_ANALYZER_NUMBER_OBJECT_CONVERSION = YES_AGGRESSIVE;
				CLANG_CXX_LANGUAGE_STANDARD = "gnu++14";
				CLANG_CXX_LIBRARY = "libc++";
				CLANG_ENABLE_MODULES = YES;
				CLANG_ENABLE_OBJC_ARC = YES;
				CLANG_ENABLE_OBJC_WEAK = YES;
				CLANG_WARN_BLOCK_CAPTURE_AUTORELEASING = YES;
				CLANG_WARN_BOOL_CONVERSION = YES;
				CLANG_WARN_COMMA = YES;
				CLANG_WARN_CONSTANT_CONVERSION = YES;
				CLANG_WARN_DEPRECATED_OBJC_IMPLEMENTATIONS = YES;
				CLANG_WARN_DIRECT_OBJC_ISA_USAGE = YES_ERROR;
				CLANG_WARN_DOCUMENTATION_COMMENTS = YES;
				CLANG_WARN_EMPTY_BODY = YES;
				CLANG_WARN_ENUM_CONVERSION = YES;
				CLANG_WARN_INFINITE_RECURSION = YES;
				CLANG_WARN_INT_CONVERSION = YES;
				CLANG_WARN_NON_LITERAL_NULL_CONVERSION = YES;
				CLANG_WARN_OBJC_IMPLICIT_RETAIN_SELF = YES;
				CLANG_WARN_OBJC_LITERAL_CONVERSION = YES;
				CLANG_WARN_OBJC_ROOT_CLASS = YES_ERROR;
				CLANG_WARN_RANGE_LOOP_ANALYSIS = YES;
				CLANG_WARN_STRICT_PROTOTYPES = YES;
				CLANG_WARN_SUSPICIOUS_MOVE = YES;
				CLANG_WARN_UNGUARDED_AVAILABILITY = YES_AGGRESSIVE;
				CLANG_WARN_UNREACHABLE_CODE = YES;
				CLANG_WARN__DUPLICATE_METHOD_MATCH = YES;
				CODE_SIGN_IDENTITY = "iPhone Developer";
				COPY_PHASE_STRIP = NO;
				DEBUG_INFORMATION_FORMAT = dwarf;
				ENABLE_STRICT_OBJC_MSGSEND = YES;
				ENABLE_TESTABILITY = YES;
				GCC_C_LANGUAGE_STANDARD = gnu11;
				GCC_DYNAMIC_NO_PIC = NO;
				GCC_NO_COMMON_BLOCKS = YES;
				GCC_OPTIMIZATION_LEVEL = 0;
				GCC_PREPROCESSOR_DEFINITIONS = (
					"DEBUG=1",
					"$(inherited)",
				);
				GCC_WARN_64_TO_32_BIT_CONVERSION = YES;
				GCC_WARN_ABOUT_RETURN_TYPE = YES_ERROR;
				GCC_WARN_UNDECLARED_SELECTOR = YES;
				GCC_WARN_UNINITIALIZED_AUTOS = YES_AGGRESSIVE;
				GCC_WARN_UNUSED_FUNCTION = YES;
				GCC_WARN_UNUSED_VARIABLE = YES;
				IPHONEOS_DEPLOYMENT_TARGET = 12.2;
				MTL_ENABLE_DEBUG_INFO = INCLUDE_SOURCE;
				MTL_FAST_MATH = YES;
				ONLY_ACTIVE_ARCH = YES;
				SDKROOT = iphoneos;
				SWIFT_ACTIVE_COMPILATION_CONDITIONS = DEBUG;
				SWIFT_OPTIMIZATION_LEVEL = "-Onone";
			};
			name = Debug;
		};
		4CB6881822596D17007C1D86 /* Release */ = {
			isa = XCBuildConfiguration;
			buildSettings = {
				ALWAYS_SEARCH_USER_PATHS = NO;
				CLANG_ANALYZER_NONNULL = YES;
				CLANG_ANALYZER_NUMBER_OBJECT_CONVERSION = YES_AGGRESSIVE;
				CLANG_CXX_LANGUAGE_STANDARD = "gnu++14";
				CLANG_CXX_LIBRARY = "libc++";
				CLANG_ENABLE_MODULES = YES;
				CLANG_ENABLE_OBJC_ARC = YES;
				CLANG_ENABLE_OBJC_WEAK = YES;
				CLANG_WARN_BLOCK_CAPTURE_AUTORELEASING = YES;
				CLANG_WARN_BOOL_CONVERSION = YES;
				CLANG_WARN_COMMA = YES;
				CLANG_WARN_CONSTANT_CONVERSION = YES;
				CLANG_WARN_DEPRECATED_OBJC_IMPLEMENTATIONS = YES;
				CLANG_WARN_DIRECT_OBJC_ISA_USAGE = YES_ERROR;
				CLANG_WARN_DOCUMENTATION_COMMENTS = YES;
				CLANG_WARN_EMPTY_BODY = YES;
				CLANG_WARN_ENUM_CONVERSION = YES;
				CLANG_WARN_INFINITE_RECURSION = YES;
				CLANG_WARN_INT_CONVERSION = YES;
				CLANG_WARN_NON_LITERAL_NULL_CONVERSION = YES;
				CLANG_WARN_OBJC_IMPLICIT_RETAIN_SELF = YES;
				CLANG_WARN_OBJC_LITERAL_CONVERSION = YES;
				CLANG_WARN_OBJC_ROOT_CLASS = YES_ERROR;
				CLANG_WARN_RANGE_LOOP_ANALYSIS = YES;
				CLANG_WARN_STRICT_PROTOTYPES = YES;
				CLANG_WARN_SUSPICIOUS_MOVE = YES;
				CLANG_WARN_UNGUARDED_AVAILABILITY = YES_AGGRESSIVE;
				CLANG_WARN_UNREACHABLE_CODE = YES;
				CLANG_WARN__DUPLICATE_METHOD_MATCH = YES;
				CODE_SIGN_IDENTITY = "iPhone Developer";
				COPY_PHASE_STRIP = NO;
				DEBUG_INFORMATION_FORMAT = "dwarf-with-dsym";
				ENABLE_NS_ASSERTIONS = NO;
				ENABLE_STRICT_OBJC_MSGSEND = YES;
				GCC_C_LANGUAGE_STANDARD = gnu11;
				GCC_NO_COMMON_BLOCKS = YES;
				GCC_WARN_64_TO_32_BIT_CONVERSION = YES;
				GCC_WARN_ABOUT_RETURN_TYPE = YES_ERROR;
				GCC_WARN_UNDECLARED_SELECTOR = YES;
				GCC_WARN_UNINITIALIZED_AUTOS = YES_AGGRESSIVE;
				GCC_WARN_UNUSED_FUNCTION = YES;
				GCC_WARN_UNUSED_VARIABLE = YES;
				IPHONEOS_DEPLOYMENT_TARGET = 12.2;
				MTL_ENABLE_DEBUG_INFO = NO;
				MTL_FAST_MATH = YES;
				SDKROOT = iphoneos;
				SWIFT_COMPILATION_MODE = wholemodule;
				SWIFT_OPTIMIZATION_LEVEL = "-O";
				VALIDATE_PRODUCT = YES;
			};
			name = Release;
		};
		4CB6881A22596D17007C1D86 /* Debug */ = {
			isa = XCBuildConfiguration;
			buildSettings = {
				ASSETCATALOG_COMPILER_APPICON_NAME = AppIcon;
				CODE_SIGN_STYLE = Automatic;
				FRAMEWORK_SEARCH_PATHS = (
					"$(inherited)",
					"$(PROJECT_DIR)/Carthage/Build/iOS/Static",
					"$(PROJECT_DIR)/Carthage/Build/iOS",
				);
				INFOPLIST_FILE = TrailsidePlayground/Resources/Info.plist;
				LD_RUNPATH_SEARCH_PATHS = (
					"$(inherited)",
					"@executable_path/Frameworks",
				);
				PRODUCT_BUNDLE_IDENTIFIER = com.Trailside.TrailsidePlayground;
				PRODUCT_NAME = "$(TARGET_NAME)";
				SWIFT_VERSION = 5.0;
				TARGETED_DEVICE_FAMILY = "1,2";
			};
			name = Debug;
		};
		4CB6881B22596D17007C1D86 /* Release */ = {
			isa = XCBuildConfiguration;
			buildSettings = {
				ASSETCATALOG_COMPILER_APPICON_NAME = AppIcon;
				CODE_SIGN_STYLE = Automatic;
				FRAMEWORK_SEARCH_PATHS = (
					"$(inherited)",
					"$(PROJECT_DIR)/Carthage/Build/iOS/Static",
					"$(PROJECT_DIR)/Carthage/Build/iOS",
				);
				INFOPLIST_FILE = TrailsidePlayground/Resources/Info.plist;
				LD_RUNPATH_SEARCH_PATHS = (
					"$(inherited)",
					"@executable_path/Frameworks",
				);
				PRODUCT_BUNDLE_IDENTIFIER = com.Trailside.TrailsidePlayground;
				PRODUCT_NAME = "$(TARGET_NAME)";
				SWIFT_VERSION = 5.0;
				TARGETED_DEVICE_FAMILY = "1,2";
			};
			name = Release;
		};
		4CB6881D22596D17007C1D86 /* Debug */ = {
			isa = XCBuildConfiguration;
			buildSettings = {
				ALWAYS_EMBED_SWIFT_STANDARD_LIBRARIES = YES;
				BUNDLE_LOADER = "$(TEST_HOST)";
				CODE_SIGN_STYLE = Automatic;
				INFOPLIST_FILE = TrailsidePlaygroundTests/Info.plist;
				LD_RUNPATH_SEARCH_PATHS = (
					"$(inherited)",
					"@executable_path/Frameworks",
					"@loader_path/Frameworks",
				);
				PRODUCT_BUNDLE_IDENTIFIER = com.Trailside.TrailsidePlaygroundTests;
				PRODUCT_NAME = "$(TARGET_NAME)";
				SWIFT_VERSION = 5.0;
				TARGETED_DEVICE_FAMILY = "1,2";
				TEST_HOST = "$(BUILT_PRODUCTS_DIR)/TrailsidePlayground.app/TrailsidePlayground";
			};
			name = Debug;
		};
		4CB6881E22596D17007C1D86 /* Release */ = {
			isa = XCBuildConfiguration;
			buildSettings = {
				ALWAYS_EMBED_SWIFT_STANDARD_LIBRARIES = YES;
				BUNDLE_LOADER = "$(TEST_HOST)";
				CODE_SIGN_STYLE = Automatic;
				INFOPLIST_FILE = TrailsidePlaygroundTests/Info.plist;
				LD_RUNPATH_SEARCH_PATHS = (
					"$(inherited)",
					"@executable_path/Frameworks",
					"@loader_path/Frameworks",
				);
				PRODUCT_BUNDLE_IDENTIFIER = com.Trailside.TrailsidePlaygroundTests;
				PRODUCT_NAME = "$(TARGET_NAME)";
				SWIFT_VERSION = 5.0;
				TARGETED_DEVICE_FAMILY = "1,2";
				TEST_HOST = "$(BUILT_PRODUCTS_DIR)/TrailsidePlayground.app/TrailsidePlayground";
			};
			name = Release;
		};
		4CB6882022596D17007C1D86 /* Debug */ = {
			isa = XCBuildConfiguration;
			buildSettings = {
				ALWAYS_EMBED_SWIFT_STANDARD_LIBRARIES = YES;
				CODE_SIGN_STYLE = Automatic;
				INFOPLIST_FILE = TrailsidePlaygroundUITests/Info.plist;
				LD_RUNPATH_SEARCH_PATHS = (
					"$(inherited)",
					"@executable_path/Frameworks",
					"@loader_path/Frameworks",
				);
				PRODUCT_BUNDLE_IDENTIFIER = com.Trailside.TrailsidePlaygroundUITests;
				PRODUCT_NAME = "$(TARGET_NAME)";
				SWIFT_VERSION = 5.0;
				TARGETED_DEVICE_FAMILY = "1,2";
				TEST_TARGET_NAME = TrailsidePlayground;
			};
			name = Debug;
		};
		4CB6882122596D17007C1D86 /* Release */ = {
			isa = XCBuildConfiguration;
			buildSettings = {
				ALWAYS_EMBED_SWIFT_STANDARD_LIBRARIES = YES;
				CODE_SIGN_STYLE = Automatic;
				INFOPLIST_FILE = TrailsidePlaygroundUITests/Info.plist;
				LD_RUNPATH_SEARCH_PATHS = (
					"$(inherited)",
					"@executable_path/Frameworks",
					"@loader_path/Frameworks",
				);
				PRODUCT_BUNDLE_IDENTIFIER = com.Trailside.TrailsidePlaygroundUITests;
				PRODUCT_NAME = "$(TARGET_NAME)";
				SWIFT_VERSION = 5.0;
				TARGETED_DEVICE_FAMILY = "1,2";
				TEST_TARGET_NAME = TrailsidePlayground;
			};
			name = Release;
		};
/* End XCBuildConfiguration section */

/* Begin XCConfigurationList section */
		4CB687EC22596D16007C1D86 /* Build configuration list for PBXProject "TrailsidePlayground" */ = {
			isa = XCConfigurationList;
			buildConfigurations = (
				4CB6881722596D17007C1D86 /* Debug */,
				4CB6881822596D17007C1D86 /* Release */,
			);
			defaultConfigurationIsVisible = 0;
			defaultConfigurationName = Release;
		};
		4CB6881922596D17007C1D86 /* Build configuration list for PBXNativeTarget "TrailsidePlayground" */ = {
			isa = XCConfigurationList;
			buildConfigurations = (
				4CB6881A22596D17007C1D86 /* Debug */,
				4CB6881B22596D17007C1D86 /* Release */,
			);
			defaultConfigurationIsVisible = 0;
			defaultConfigurationName = Release;
		};
		4CB6881C22596D17007C1D86 /* Build configuration list for PBXNativeTarget "TrailsidePlaygroundTests" */ = {
			isa = XCConfigurationList;
			buildConfigurations = (
				4CB6881D22596D17007C1D86 /* Debug */,
				4CB6881E22596D17007C1D86 /* Release */,
			);
			defaultConfigurationIsVisible = 0;
			defaultConfigurationName = Release;
		};
		4CB6881F22596D17007C1D86 /* Build configuration list for PBXNativeTarget "TrailsidePlaygroundUITests" */ = {
			isa = XCConfigurationList;
			buildConfigurations = (
				4CB6882022596D17007C1D86 /* Debug */,
				4CB6882122596D17007C1D86 /* Release */,
			);
			defaultConfigurationIsVisible = 0;
			defaultConfigurationName = Release;
		};
/* End XCConfigurationList section */

/* Begin XCVersionGroup section */
		4CBBAE72225A87BA00EBBC21 /* UserFavoriteMovie.xcdatamodeld */ = {
			isa = XCVersionGroup;
			children = (
				4CBBAE73225A87BA00EBBC21 /* UserFavoriteMovie.xcdatamodel */,
			);
			currentVersion = 4CBBAE73225A87BA00EBBC21 /* UserFavoriteMovie.xcdatamodel */;
			path = UserFavoriteMovie.xcdatamodeld;
			sourceTree = "<group>";
			versionGroupType = wrapper.xcdatamodel;
		};
/* End XCVersionGroup section */
	};
	rootObject = 4CB687E922596D16007C1D86 /* Project object */;
}
